{
  "version": "nopal.lock/v1",
  "contract_digest": "sha256:e2749077955266b37273181c9b9855fb0019bdc8da14ffcdcbba3253a0acf0a3",
  "packages": [
    {
      "id": "nopal",
      "source": {
        "type": "builtin",
        "package": "nopal"
      },
      "resolved": "0.2.19",
      "artifact_integrity": "sha256:7ccef3d3cf2bf20729b4963b54f7454a19cb9e0ef6e2217f4753f55fc520b4bc",
      "installed_tree_integrity": "sha256:7ccef3d3cf2bf20729b4963b54f7454a19cb9e0ef6e2217f4753f55fc520b4bc",
      "resources": [
        {
          "kind": "extension",
          "path": "index.ts",
          "tree_integrity": "sha256:aca7080638a0adf4b800ec266bb6a4146be0cef2bb12a3eaff4d1be6d557d89a"
        }
      ]
    }
  ]
}
