{
  "version": "nopal.lock/v1",
  "contract_digest": "sha256:71db7b46a67cae51fa2df90b1f293f6ffe858779af0854d8fc61d9237f7addcb",
  "packages": [
    {
      "id": "nopal",
      "source": {
        "type": "builtin",
        "package": "nopal"
      },
      "resolved": "0.3.2",
      "artifact_integrity": "sha256:9257a89165f90cd979e6996b073532d7176437b18a8d9537e5fa7c95e8ecfdb9",
      "installed_tree_integrity": "sha256:9257a89165f90cd979e6996b073532d7176437b18a8d9537e5fa7c95e8ecfdb9",
      "resources": [
        {
          "kind": "extension",
          "path": "extensions/policy-gate/index.ts",
          "tree_integrity": "sha256:aca7080638a0adf4b800ec266bb6a4146be0cef2bb12a3eaff4d1be6d557d89a"
        },
        {
          "kind": "skill",
          "path": "resources/beislid/skills",
          "tree_integrity": "sha256:ea9f637668a4b1a4e9024b3a7601b7ac67574103185ce3cab340dabf73ff9e6e"
        }
      ]
    }
  ]
}
